
Microsoft Visual Studio Solution File, Format Version 12.00
# Visual Studio Version 17
VisualStudioVersion = 17.13.35806.99 d17.13
MinimumVisualStudioVersion = 10.0.40219.1
Project("{FAE04EC0-301F-11D3-BF4B-00C04F79EFBC}") = "20250703_datenbank", "20250703_datenbank\20250703_datenbank.csproj", "{0C2E0C42-6384-47AA-8363-0F1DB9AE8DB0}"
EndProject
Global
	GlobalSection(SolutionConfigurationPlatforms) = preSolution
		Debug|Any CPU = Debug|Any CPU
		Release|Any CPU = Release|Any CPU
	EndGlobalSection
	GlobalSection(ProjectConfigurationPlatforms) = postSolution
		{0C2E0C42-6384-47AA-8363-0F1DB9AE8DB0}.Debug|Any CPU.ActiveCfg = Debug|Any CPU
		{0C2E0C42-6384-47AA-8363-0F1DB9AE8DB0}.Debug|Any CPU.Build.0 = Debug|Any CPU
		{0C2E0C42-6384-47AA-8363-0F1DB9AE8DB0}.Release|Any CPU.ActiveCfg = Release|Any CPU
		{0C2E0C42-6384-47AA-8363-0F1DB9AE8DB0}.Release|Any CPU.Build.0 = Release|Any CPU
	EndGlobalSection
	GlobalSection(SolutionProperties) = preSolution
		HideSolutionNode = FALSE
	EndGlobalSection
	GlobalSection(ExtensibilityGlobals) = postSolution
		SolutionGuid = {452FFCCB-E346-4B2D-A6FE-9C43127AD785}
	EndGlobalSection
EndGlobal
